// !$*UTF8*$!
{
	archiveVersion = 1;
	classes = {
	};
	objectVersion = 46;
	objects = {

/* Begin PBXBuildFile section */
		4740AFB3C571A0568B71F150 /* Pods_NewsFeed.framework in Frameworks */ = {isa = PBXBuildFile; fileRef = FDC725F9BB05F3A8EFC573B9 /* Pods_NewsFeed.framework */; };
		CC176FAE134F38F82DEDD7D8 /* Pods_NewsFeedUITests.framework in Frameworks */ = {isa = PBXBuildFile; fileRef = E6C848C3DCEEDD3268A8D2A8 /* Pods_NewsFeedUITests.framework */; };
		D29ECE8E83319D7A78DA0EAF /* Pods_NewsFeedTests.framework in Frameworks */ = {isa = PBXBuildFile; fileRef = 953B49EDD2BCF9959AAACF33 /* Pods_NewsFeedTests.framework */; };
		F250175F1ED1CB4100504CBC /* AppDelegate.swift in Sources */ = {isa = PBXBuildFile; fileRef = F250175E1ED1CB4100504CBC /* AppDelegate.swift */; };
		F25017611ED1CB4100504CBC /* ViewController.swift in Sources */ = {isa = PBXBuildFile; fileRef = F25017601ED1CB4100504CBC /* ViewController.swift */; };
		F25017641ED1CB4100504CBC /* Main.storyboard in Resources */ = {isa = PBXBuildFile; fileRef = F25017621ED1CB4100504CBC /* Main.storyboard */; };
		F25017661ED1CB4100504CBC /* Assets.xcassets in Resources */ = {isa = PBXBuildFile; fileRef = F25017651ED1CB4100504CBC /* Assets.xcassets */; };
		F25017691ED1CB4100504CBC /* LaunchScreen.storyboard in Resources */ = {isa = PBXBuildFile; fileRef = F25017671ED1CB4100504CBC /* LaunchScreen.storyboard */; };
		F25017741ED1CB4100504CBC /* NewsFeedTests.swift in Sources */ = {isa = PBXBuildFile; fileRef = F25017731ED1CB4100504CBC /* NewsFeedTests.swift */; };
		F250177F1ED1CB4100504CBC /* NewsFeedUITests.swift in Sources */ = {isa = PBXBuildFile; fileRef = F250177E1ED1CB4100504CBC /* NewsFeedUITests.swift */; };
		F25017901ED1E5C300504CBC /* FeedCell.swift in Sources */ = {isa = PBXBuildFile; fileRef = F250178F1ED1E5C300504CBC /* FeedCell.swift */; };
		F25017941ED1E9D600504CBC /* FeedTableViewController.swift in Sources */ = {isa = PBXBuildFile; fileRef = F25017931ED1E9D600504CBC /* FeedTableViewController.swift */; };
		F2C33E5D1ED2C6D40049FD1B /* GoogleService-Info.plist in Resources */ = {isa = PBXBuildFile; fileRef = F2C33E5C1ED2C6D40049FD1B /* GoogleService-Info.plist */; };
/* End PBXBuildFile section */

/* Begin PBXContainerItemProxy section */
		F25017701ED1CB4100504CBC /* PBXContainerItemProxy */ = {
			isa = PBXContainerItemProxy;
			containerPortal = F25017531ED1CB4100504CBC /* Project object */;
			proxyType = 1;
			remoteGlobalIDString = F250175A1ED1CB4100504CBC;
			remoteInfo = NewsFeed;
		};
		F250177B1ED1CB4100504CBC /* PBXContainerItemProxy */ = {
			isa = PBXContainerItemProxy;
			containerPortal = F25017531ED1CB4100504CBC /* Project object */;
			proxyType = 1;
			remoteGlobalIDString = F250175A1ED1CB4100504CBC;
			remoteInfo = NewsFeed;
		};
/* End PBXContainerItemProxy section */

/* Begin PBXFileReference section */
		12951BC74E9FCD88AFF3892A /* Pods-NewsFeedUITests.debug.xcconfig */ = {isa = PBXFileReference; includeInIndex = 1; lastKnownFileType = text.xcconfig; name = "Pods-NewsFeedUITests.debug.xcconfig"; path = "Pods/Target Support Files/Pods-NewsFeedUITests/Pods-NewsFeedUITests.debug.xcconfig"; sourceTree = "<group>"; };
		3763C519EBB8259BA8FAC075 /* Pods-NewsFeedTests.release.xcconfig */ = {isa = PBXFileReference; includeInIndex = 1; lastKnownFileType = text.xcconfig; name = "Pods-NewsFeedTests.release.xcconfig"; path = "Pods/Target Support Files/Pods-NewsFeedTests/Pods-NewsFeedTests.release.xcconfig"; sourceTree = "<group>"; };
		5B71532887224B29F6F769FE /* Pods-NewsFeed.release.xcconfig */ = {isa = PBXFileReference; includeInIndex = 1; lastKnownFileType = text.xcconfig; name = "Pods-NewsFeed.release.xcconfig"; path = "Pods/Target Support Files/Pods-NewsFeed/Pods-NewsFeed.release.xcconfig"; sourceTree = "<group>"; };
		953B49EDD2BCF9959AAACF33 /* Pods_NewsFeedTests.framework */ = {isa = PBXFileReference; explicitFileType = wrapper.framework; includeInIndex = 0; path = Pods_NewsFeedTests.framework; sourceTree = BUILT_PRODUCTS_DIR; };
		AF32A27EA38494BD49893090 /* Pods-NewsFeed.debug.xcconfig */ = {isa = PBXFileReference; includeInIndex = 1; lastKnownFileType = text.xcconfig; name = "Pods-NewsFeed.debug.xcconfig"; path = "Pods/Target Support Files/Pods-NewsFeed/Pods-NewsFeed.debug.xcconfig"; sourceTree = "<group>"; };
		B5C3C8262944023D7E547E36 /* Pods-NewsFeedTests.debug.xcconfig */ = {isa = PBXFileReference; includeInIndex = 1; lastKnownFileType = text.xcconfig; name = "Pods-NewsFeedTests.debug.xcconfig"; path = "Pods/Target Support Files/Pods-NewsFeedTests/Pods-NewsFeedTests.debug.xcconfig"; sourceTree = "<group>"; };
		CE56AB110F0837723AD58920 /* Pods-NewsFeedUITests.release.xcconfig */ = {isa = PBXFileReference; includeInIndex = 1; lastKnownFileType = text.xcconfig; name = "Pods-NewsFeedUITests.release.xcconfig"; path = "Pods/Target Support Files/Pods-NewsFeedUITests/Pods-NewsFeedUITests.release.xcconfig"; sourceTree = "<group>"; };
		E6C848C3DCEEDD3268A8D2A8 /* Pods_NewsFeedUITests.framework */ = {isa = PBXFileReference; explicitFileType = wrapper.framework; includeInIndex = 0; path = Pods_NewsFeedUITests.framework; sourceTree = BUILT_PRODUCTS_DIR; };
		F250175B1ED1CB4100504CBC /* NewsFeed.app */ = {isa = PBXFileReference; explicitFileType = wrapper.application; includeInIndex = 0; path = NewsFeed.app; sourceTree = BUILT_PRODUCTS_DIR; };
		F250175E1ED1CB4100504CBC /* AppDelegate.swift */ = {isa = PBXFileReference; lastKnownFileType = sourcecode.swift; path = AppDelegate.swift; sourceTree = "<group>"; };
		F25017601ED1CB4100504CBC /* ViewController.swift */ = {isa = PBXFileReference; lastKnownFileType = sourcecode.swift; path = ViewController.swift; sourceTree = "<group>"; };
		F25017631ED1CB4100504CBC /* Base */ = {isa = PBXFileReference; lastKnownFileType = file.storyboard; name = Base; path = Base.lproj/Main.storyboard; sourceTree = "<group>"; };
		F25017651ED1CB4100504CBC /* Assets.xcassets */ = {isa = PBXFileReference; lastKnownFileType = folder.assetcatalog; path = Assets.xcassets; sourceTree = "<group>"; };
		F25017681ED1CB4100504CBC /* Base */ = {isa = PBXFileReference; lastKnownFileType = file.storyboard; name = Base; path = Base.lproj/LaunchScreen.storyboard; sourceTree = "<group>"; };
		F250176A1ED1CB4100504CBC /* Info.plist */ = {isa = PBXFileReference; lastKnownFileType = text.plist.xml; path = Info.plist; sourceTree = "<group>"; };
		F250176F1ED1CB4100504CBC /* NewsFeedTests.xctest */ = {isa = PBXFileReference; explicitFileType = wrapper.cfbundle; includeInIndex = 0; path = NewsFeedTests.xctest; sourceTree = BUILT_PRODUCTS_DIR; };
		F25017731ED1CB4100504CBC /* NewsFeedTests.swift */ = {isa = PBXFileReference; lastKnownFileType = sourcecode.swift; path = NewsFeedTests.swift; sourceTree = "<group>"; };
		F25017751ED1CB4100504CBC /* Info.plist */ = {isa = PBXFileReference; lastKnownFileType = text.plist.xml; path = Info.plist; sourceTree = "<group>"; };
		F250177A1ED1CB4100504CBC /* NewsFeedUITests.xctest */ = {isa = PBXFileReference; explicitFileType = wrapper.cfbundle; includeInIndex = 0; path = NewsFeedUITests.xctest; sourceTree = BUILT_PRODUCTS_DIR; };
		F250177E1ED1CB4100504CBC /* NewsFeedUITests.swift */ = {isa = PBXFileReference; lastKnownFileType = sourcecode.swift; path = NewsFeedUITests.swift; sourceTree = "<group>"; };
		F25017801ED1CB4100504CBC /* Info.plist */ = {isa = PBXFileReference; lastKnownFileType = text.plist.xml; path = Info.plist; sourceTree = "<group>"; };
		F250178F1ED1E5C300504CBC /* FeedCell.swift */ = {isa = PBXFileReference; fileEncoding = 4; lastKnownFileType = sourcecode.swift; path = FeedCell.swift; sourceTree = "<group>"; };
		F25017931ED1E9D600504CBC /* FeedTableViewController.swift */ = {isa = PBXFileReference; fileEncoding = 4; lastKnownFileType = sourcecode.swift; path = FeedTableViewController.swift; sourceTree = "<group>"; };
		F2C33E5C1ED2C6D40049FD1B /* GoogleService-Info.plist */ = {isa = PBXFileReference; fileEncoding = 4; lastKnownFileType = text.plist.xml; path = "GoogleService-Info.plist"; sourceTree = "<group>"; };
		FDC725F9BB05F3A8EFC573B9 /* Pods_NewsFeed.framework */ = {isa = PBXFileReference; explicitFileType = wrapper.framework; includeInIndex = 0; path = Pods_NewsFeed.framework; sourceTree = BUILT_PRODUCTS_DIR; };
/* End PBXFileReference section */

/* Begin PBXFrameworksBuildPhase section */
		F25017581ED1CB4100504CBC /* Frameworks */ = {
			isa = PBXFrameworksBuildPhase;
			buildActionMask = 2147483647;
			files = (
				4740AFB3C571A0568B71F150 /* Pods_NewsFeed.framework in Frameworks */,
			);
			runOnlyForDeploymentPostprocessing = 0;
		};
		F250176C1ED1CB4100504CBC /* Frameworks */ = {
			isa = PBXFrameworksBuildPhase;
			buildActionMask = 2147483647;
			files = (
				D29ECE8E83319D7A78DA0EAF /* Pods_NewsFeedTests.framework in Frameworks */,
			);
			runOnlyForDeploymentPostprocessing = 0;
		};
		F25017771ED1CB4100504CBC /* Frameworks */ = {
			isa = PBXFrameworksBuildPhase;
			buildActionMask = 2147483647;
			files = (
				CC176FAE134F38F82DEDD7D8 /* Pods_NewsFeedUITests.framework in Frameworks */,
			);
			runOnlyForDeploymentPostprocessing = 0;
		};
/* End PBXFrameworksBuildPhase section */

/* Begin PBXGroup section */
		1299AE2AB03BD0A00C134B74 /* Frameworks */ = {
			isa = PBXGroup;
			children = (
				FDC725F9BB05F3A8EFC573B9 /* Pods_NewsFeed.framework */,
				953B49EDD2BCF9959AAACF33 /* Pods_NewsFeedTests.framework */,
				E6C848C3DCEEDD3268A8D2A8 /* Pods_NewsFeedUITests.framework */,
			);
			name = Frameworks;
			sourceTree = "<group>";
		};
		B54C8E8F79FF34653F38571F /* Pods */ = {
			isa = PBXGroup;
			children = (
				AF32A27EA38494BD49893090 /* Pods-NewsFeed.debug.xcconfig */,
				5B71532887224B29F6F769FE /* Pods-NewsFeed.release.xcconfig */,
				B5C3C8262944023D7E547E36 /* Pods-NewsFeedTests.debug.xcconfig */,
				3763C519EBB8259BA8FAC075 /* Pods-NewsFeedTests.release.xcconfig */,
				12951BC74E9FCD88AFF3892A /* Pods-NewsFeedUITests.debug.xcconfig */,
				CE56AB110F0837723AD58920 /* Pods-NewsFeedUITests.release.xcconfig */,
			);
			name = Pods;
			sourceTree = "<group>";
		};
		F25017521ED1CB4000504CBC = {
			isa = PBXGroup;
			children = (
				F250175D1ED1CB4100504CBC /* NewsFeed */,
				F25017721ED1CB4100504CBC /* NewsFeedTests */,
				F250177D1ED1CB4100504CBC /* NewsFeedUITests */,
				F250175C1ED1CB4100504CBC /* Products */,
				B54C8E8F79FF34653F38571F /* Pods */,
				1299AE2AB03BD0A00C134B74 /* Frameworks */,
			);
			sourceTree = "<group>";
		};
		F250175C1ED1CB4100504CBC /* Products */ = {
			isa = PBXGroup;
			children = (
				F250175B1ED1CB4100504CBC /* NewsFeed.app */,
				F250176F1ED1CB4100504CBC /* NewsFeedTests.xctest */,
				F250177A1ED1CB4100504CBC /* NewsFeedUITests.xctest */,
			);
			name = Products;
			sourceTree = "<group>";
		};
		F250175D1ED1CB4100504CBC /* NewsFeed */ = {
			isa = PBXGroup;
			children = (
				F250175E1ED1CB4100504CBC /* AppDelegate.swift */,
				F25017601ED1CB4100504CBC /* ViewController.swift */,
				F25017931ED1E9D600504CBC /* FeedTableViewController.swift */,
				F25017621ED1CB4100504CBC /* Main.storyboard */,
				F250178F1ED1E5C300504CBC /* FeedCell.swift */,
				F25017651ED1CB4100504CBC /* Assets.xcassets */,
				F25017671ED1CB4100504CBC /* LaunchScreen.storyboard */,
				F2C33E5C1ED2C6D40049FD1B /* GoogleService-Info.plist */,
				F250176A1ED1CB4100504CBC /* Info.plist */,
			);
			path = NewsFeed;
			sourceTree = "<group>";
		};
		F25017721ED1CB4100504CBC /* NewsFeedTests */ = {
			isa = PBXGroup;
			children = (
				F25017731ED1CB4100504CBC /* NewsFeedTests.swift */,
				F25017751ED1CB4100504CBC /* Info.plist */,
			);
			path = NewsFeedTests;
			sourceTree = "<group>";
		};
		F250177D1ED1CB4100504CBC /* NewsFeedUITests */ = {
			isa = PBXGroup;
			children = (
				F250177E1ED1CB4100504CBC /* NewsFeedUITests.swift */,
				F25017801ED1CB4100504CBC /* Info.plist */,
			);
			path = NewsFeedUITests;
			sourceTree = "<group>";
		};
/* End PBXGroup section */

/* Begin PBXNativeTarget section */
		F250175A1ED1CB4100504CBC /* NewsFeed */ = {
			isa = PBXNativeTarget;
			buildConfigurationList = F25017831ED1CB4100504CBC /* Build configuration list for PBXNativeTarget "NewsFeed" */;
			buildPhases = (
				DC34F1FFFE7C2147935CEEEC /* [CP] Check Pods Manifest.lock */,
				F25017571ED1CB4100504CBC /* Sources */,
				F25017581ED1CB4100504CBC /* Frameworks */,
				F25017591ED1CB4100504CBC /* Resources */,
				C5E5F7AA62589ABB3C5D6E1C /* [CP] Embed Pods Frameworks */,
				B0894EAA5E096798C3F50FA3 /* [CP] Copy Pods Resources */,
			);
			buildRules = (
			);
			dependencies = (
			);
			name = NewsFeed;
			productName = NewsFeed;
			productReference = F250175B1ED1CB4100504CBC /* NewsFeed.app */;
			productType = "com.apple.product-type.application";
		};
		F250176E1ED1CB4100504CBC /* NewsFeedTests */ = {
			isa = PBXNativeTarget;
			buildConfigurationList = F25017861ED1CB4100504CBC /* Build configuration list for PBXNativeTarget "NewsFeedTests" */;
			buildPhases = (
				C4AAB238195F230F7CE7E595 /* [CP] Check Pods Manifest.lock */,
				F250176B1ED1CB4100504CBC /* Sources */,
				F250176C1ED1CB4100504CBC /* Frameworks */,
				F250176D1ED1CB4100504CBC /* Resources */,
				27708DE07BC07027609BC729 /* [CP] Embed Pods Frameworks */,
				A0255E3D9B2630D184BB8EEE /* [CP] Copy Pods Resources */,
			);
			buildRules = (
			);
			dependencies = (
				F25017711ED1CB4100504CBC /* PBXTargetDependency */,
			);
			name = NewsFeedTests;
			productName = NewsFeedTests;
			productReference = F250176F1ED1CB4100504CBC /* NewsFeedTests.xctest */;
			productType = "com.apple.product-type.bundle.unit-test";
		};
		F25017791ED1CB4100504CBC /* NewsFeedUITests */ = {
			isa = PBXNativeTarget;
			buildConfigurationList = F25017891ED1CB4100504CBC /* Build configuration list for PBXNativeTarget "NewsFeedUITests" */;
			buildPhases = (
				4DF58C9ED137A00799C517E6 /* [CP] Check Pods Manifest.lock */,
				F25017761ED1CB4100504CBC /* Sources */,
				F25017771ED1CB4100504CBC /* Frameworks */,
				F25017781ED1CB4100504CBC /* Resources */,
				A2C5260597D6B7F74E137980 /* [CP] Embed Pods Frameworks */,
				F8D874E6B671E22E1EFCFF12 /* [CP] Copy Pods Resources */,
			);
			buildRules = (
			);
			dependencies = (
				F250177C1ED1CB4100504CBC /* PBXTargetDependency */,
			);
			name = NewsFeedUITests;
			productName = NewsFeedUITests;
			productReference = F250177A1ED1CB4100504CBC /* NewsFeedUITests.xctest */;
			productType = "com.apple.product-type.bundle.ui-testing";
		};
/* End PBXNativeTarget section */

/* Begin PBXProject section */
		F25017531ED1CB4100504CBC /* Project object */ = {
			isa = PBXProject;
			attributes = {
				LastSwiftUpdateCheck = 0830;
				LastUpgradeCheck = 0830;
				ORGANIZATIONNAME = "Dr ashy";
				TargetAttributes = {
					F250175A1ED1CB4100504CBC = {
						CreatedOnToolsVersion = 8.3.2;
						DevelopmentTeam = X9F8C2SM5J;
						ProvisioningStyle = Automatic;
					};
					F250176E1ED1CB4100504CBC = {
						CreatedOnToolsVersion = 8.3.2;
						DevelopmentTeam = X9F8C2SM5J;
						ProvisioningStyle = Automatic;
						TestTargetID = F250175A1ED1CB4100504CBC;
					};
					F25017791ED1CB4100504CBC = {
						CreatedOnToolsVersion = 8.3.2;
						DevelopmentTeam = X9F8C2SM5J;
						ProvisioningStyle = Automatic;
						TestTargetID = F250175A1ED1CB4100504CBC;
					};
				};
			};
			buildConfigurationList = F25017561ED1CB4100504CBC /* Build configuration list for PBXProject "NewsFeed" */;
			compatibilityVersion = "Xcode 3.2";
			developmentRegion = English;
			hasScannedForEncodings = 0;
			knownRegions = (
				en,
				Base,
			);
			mainGroup = F25017521ED1CB4000504CBC;
			productRefGroup = F250175C1ED1CB4100504CBC /* Products */;
			projectDirPath = "";
			projectRoot = "";
			targets = (
				F250175A1ED1CB4100504CBC /* NewsFeed */,
				F250176E1ED1CB4100504CBC /* NewsFeedTests */,
				F25017791ED1CB4100504CBC /* NewsFeedUITests */,
			);
		};
/* End PBXProject section */

/* Begin PBXResourcesBuildPhase section */
		F25017591ED1CB4100504CBC /* Resources */ = {
			isa = PBXResourcesBuildPhase;
			buildActionMask = 2147483647;
			files = (
				F25017691ED1CB4100504CBC /* LaunchScreen.storyboard in Resources */,
				F2C33E5D1ED2C6D40049FD1B /* GoogleService-Info.plist in Resources */,
				F25017661ED1CB4100504CBC /* Assets.xcassets in Resources */,
				F25017641ED1CB4100504CBC /* Main.storyboard in Resources */,
			);
			runOnlyForDeploymentPostprocessing = 0;
		};
		F250176D1ED1CB4100504CBC /* Resources */ = {
			isa = PBXResourcesBuildPhase;
			buildActionMask = 2147483647;
			files = (
			);
			runOnlyForDeploymentPostprocessing = 0;
		};
		F25017781ED1CB4100504CBC /* Resources */ = {
			isa = PBXResourcesBuildPhase;
			buildActionMask = 2147483647;
			files = (
			);
			runOnlyForDeploymentPostprocessing = 0;
		};
/* End PBXResourcesBuildPhase section */

/* Begin PBXShellScriptBuildPhase section */
		27708DE07BC07027609BC729 /* [CP] Embed Pods Frameworks */ = {
			isa = PBXShellScriptBuildPhase;
			buildActionMask = 2147483647;
			files = (
			);
			inputPaths = (
			);
			name = "[CP] Embed Pods Frameworks";
			outputPaths = (
			);
			runOnlyForDeploymentPostprocessing = 0;
			shellPath = /bin/sh;
			shellScript = "\"${SRCROOT}/Pods/Target Support Files/Pods-NewsFeedTests/Pods-NewsFeedTests-frameworks.sh\"\n";
			showEnvVarsInLog = 0;
		};
		4DF58C9ED137A00799C517E6 /* [CP] Check Pods Manifest.lock */ = {
			isa = PBXShellScriptBuildPhase;
			buildActionMask = 2147483647;
			files = (
			);
			inputPaths = (
			);
			name = "[CP] Check Pods Manifest.lock";
			outputPaths = (
			);
			runOnlyForDeploymentPostprocessing = 0;
			shellPath = /bin/sh;
			shellScript = "diff \"${PODS_ROOT}/../Podfile.lock\" \"${PODS_ROOT}/Manifest.lock\" > /dev/null\nif [ $? != 0 ] ; then\n    # print error to STDERR\n    echo \"error: The sandbox is not in sync with the Podfile.lock. Run 'pod install' or update your CocoaPods installation.\" >&2\n    exit 1\nfi\n";
			showEnvVarsInLog = 0;
		};
		A0255E3D9B2630D184BB8EEE /* [CP] Copy Pods Resources */ = {
			isa = PBXShellScriptBuildPhase;
			buildActionMask = 2147483647;
			files = (
			);
			inputPaths = (
			);
			name = "[CP] Copy Pods Resources";
			outputPaths = (
			);
			runOnlyForDeploymentPostprocessing = 0;
			shellPath = /bin/sh;
			shellScript = "\"${SRCROOT}/Pods/Target Support Files/Pods-NewsFeedTests/Pods-NewsFeedTests-resources.sh\"\n";
			showEnvVarsInLog = 0;
		};
		A2C5260597D6B7F74E137980 /* [CP] Embed Pods Frameworks */ = {
			isa = PBXShellScriptBuildPhase;
			buildActionMask = 2147483647;
			files = (
			);
			inputPaths = (
			);
			name = "[CP] Embed Pods Frameworks";
			outputPaths = (
			);
			runOnlyForDeploymentPostprocessing = 0;
			shellPath = /bin/sh;
			shellScript = "\"${SRCROOT}/Pods/Target Support Files/Pods-NewsFeedUITests/Pods-NewsFeedUITests-frameworks.sh\"\n";
			showEnvVarsInLog = 0;
		};
		B0894EAA5E096798C3F50FA3 /* [CP] Copy Pods Resources */ = {
			isa = PBXShellScriptBuildPhase;
			buildActionMask = 2147483647;
			files = (
			);
			inputPaths = (
			);
			name = "[CP] Copy Pods Resources";
			outputPaths = (
			);
			runOnlyForDeploymentPostprocessing = 0;
			shellPath = /bin/sh;
			shellScript = "\"${SRCROOT}/Pods/Target Support Files/Pods-NewsFeed/Pods-NewsFeed-resources.sh\"\n";
			showEnvVarsInLog = 0;
		};
		C4AAB238195F230F7CE7E595 /* [CP] Check Pods Manifest.lock */ = {
			isa = PBXShellScriptBuildPhase;
			buildActionMask = 2147483647;
			files = (
			);
			inputPaths = (
			);
			name = "[CP] Check Pods Manifest.lock";
			outputPaths = (
			);
			runOnlyForDeploymentPostprocessing = 0;
			shellPath = /bin/sh;
			shellScript = "diff \"${PODS_ROOT}/../Podfile.lock\" \"${PODS_ROOT}/Manifest.lock\" > /dev/null\nif [ $? != 0 ] ; then\n    # print error to STDERR\n    echo \"error: The sandbox is not in sync with the Podfile.lock. Run 'pod install' or update your CocoaPods installation.\" >&2\n    exit 1\nfi\n";
			showEnvVarsInLog = 0;
		};
		C5E5F7AA62589ABB3C5D6E1C /* [CP] Embed Pods Frameworks */ = {
			isa = PBXShellScriptBuildPhase;
			buildActionMask = 2147483647;
			files = (
			);
			inputPaths = (
			);
			name = "[CP] Embed Pods Frameworks";
			outputPaths = (
			);
			runOnlyForDeploymentPostprocessing = 0;
			shellPath = /bin/sh;
			shellScript = "\"${SRCROOT}/Pods/Target Support Files/Pods-NewsFeed/Pods-NewsFeed-frameworks.sh\"\n";
			showEnvVarsInLog = 0;
		};
		DC34F1FFFE7C2147935CEEEC /* [CP] Check Pods Manifest.lock */ = {
			isa = PBXShellScriptBuildPhase;
			buildActionMask = 2147483647;
			files = (
			);
			inputPaths = (
			);
			name = "[CP] Check Pods Manifest.lock";
			outputPaths = (
			);
			runOnlyForDeploymentPostprocessing = 0;
			shellPath = /bin/sh;
			shellScript = "diff \"${PODS_ROOT}/../Podfile.lock\" \"${PODS_ROOT}/Manifest.lock\" > /dev/null\nif [ $? != 0 ] ; then\n    # print error to STDERR\n    echo \"error: The sandbox is not in sync with the Podfile.lock. Run 'pod install' or update your CocoaPods installation.\" >&2\n    exit 1\nfi\n";
			showEnvVarsInLog = 0;
		};
		F8D874E6B671E22E1EFCFF12 /* [CP] Copy Pods Resources */ = {
			isa = PBXShellScriptBuildPhase;
			buildActionMask = 2147483647;
			files = (
			);
			inputPaths = (
			);
			name = "[CP] Copy Pods Resources";
			outputPaths = (
			);
			runOnlyForDeploymentPostprocessing = 0;
			shellPath = /bin/sh;
			shellScript = "\"${SRCROOT}/Pods/Target Support Files/Pods-NewsFeedUITests/Pods-NewsFeedUITests-resources.sh\"\n";
			showEnvVarsInLog = 0;
		};
/* End PBXShellScriptBuildPhase section */

/* Begin PBXSourcesBuildPhase section */
		F25017571ED1CB4100504CBC /* Sources */ = {
			isa = PBXSourcesBuildPhase;
			buildActionMask = 2147483647;
			files = (
				F25017611ED1CB4100504CBC /* ViewController.swift in Sources */,
				F250175F1ED1CB4100504CBC /* AppDelegate.swift in Sources */,
				F25017901ED1E5C300504CBC /* FeedCell.swift in Sources */,
				F25017941ED1E9D600504CBC /* FeedTableViewController.swift in Sources */,
			);
			runOnlyForDeploymentPostprocessing = 0;
		};
		F250176B1ED1CB4100504CBC /* Sources */ = {
			isa = PBXSourcesBuildPhase;
			buildActionMask = 2147483647;
			files = (
				F25017741ED1CB4100504CBC /* NewsFeedTests.swift in Sources */,
			);
			runOnlyForDeploymentPostprocessing = 0;
		};
		F25017761ED1CB4100504CBC /* Sources */ = {
			isa = PBXSourcesBuildPhase;
			buildActionMask = 2147483647;
			files = (
				F250177F1ED1CB4100504CBC /* NewsFeedUITests.swift in Sources */,
			);
			runOnlyForDeploymentPostprocessing = 0;
		};
/* End PBXSourcesBuildPhase section */

/* Begin PBXTargetDependency section */
		F25017711ED1CB4100504CBC /* PBXTargetDependency */ = {
			isa = PBXTargetDependency;
			target = F250175A1ED1CB4100504CBC /* NewsFeed */;
			targetProxy = F25017701ED1CB4100504CBC /* PBXContainerItemProxy */;
		};
		F250177C1ED1CB4100504CBC /* PBXTargetDependency */ = {
			isa = PBXTargetDependency;
			target = F250175A1ED1CB4100504CBC /* NewsFeed */;
			targetProxy = F250177B1ED1CB4100504CBC /* PBXContainerItemProxy */;
		};
/* End PBXTargetDependency section */

/* Begin PBXVariantGroup section */
		F25017621ED1CB4100504CBC /* Main.storyboard */ = {
			isa = PBXVariantGroup;
			children = (
				F25017631ED1CB4100504CBC /* Base */,
			);
			name = Main.storyboard;
			sourceTree = "<group>";
		};
		F25017671ED1CB4100504CBC /* LaunchScreen.storyboard */ = {
			isa = PBXVariantGroup;
			children = (
				F25017681ED1CB4100504CBC /* Base */,
			);
			name = LaunchScreen.storyboard;
			sourceTree = "<group>";
		};
/* End PBXVariantGroup section */

/* Begin XCBuildConfiguration section */
		F25017811ED1CB4100504CBC /* Debug */ = {
			isa = XCBuildConfiguration;
			buildSettings = {
				ALWAYS_SEARCH_USER_PATHS = NO;
				CLANG_ANALYZER_NONNULL = YES;
				CLANG_ANALYZER_NUMBER_OBJECT_CONVERSION = YES_AGGRESSIVE;
				CLANG_CXX_LANGUAGE_STANDARD = "gnu++0x";
				CLANG_CXX_LIBRARY = "libc++";
				CLANG_ENABLE_MODULES = YES;
				CLANG_ENABLE_OBJC_ARC = YES;
				CLANG_WARN_BOOL_CONVERSION = YES;
				CLANG_WARN_CONSTANT_CONVERSION = YES;
				CLANG_WARN_DIRECT_OBJC_ISA_USAGE = YES_ERROR;
				CLANG_WARN_DOCUMENTATION_COMMENTS = YES;
				CLANG_WARN_EMPTY_BODY = YES;
				CLANG_WARN_ENUM_CONVERSION = YES;
				CLANG_WARN_INFINITE_RECURSION = YES;
				CLANG_WARN_INT_CONVERSION = YES;
				CLANG_WARN_OBJC_ROOT_CLASS = YES_ERROR;
				CLANG_WARN_SUSPICIOUS_MOVE = YES;
				CLANG_WARN_UNREACHABLE_CODE = YES;
				CLANG_WARN__DUPLICATE_METHOD_MATCH = YES;
				"CODE_SIGN_IDENTITY[sdk=iphoneos*]" = "iPhone Developer";
				COPY_PHASE_STRIP = NO;
				DEBUG_INFORMATION_FORMAT = dwarf;
				ENABLE_STRICT_OBJC_MSGSEND = YES;
				ENABLE_TESTABILITY = YES;
				GCC_C_LANGUAGE_STANDARD = gnu99;
				GCC_DYNAMIC_NO_PIC = NO;
				GCC_NO_COMMON_BLOCKS = YES;
				GCC_OPTIMIZATION_LEVEL = 0;
				GCC_PREPROCESSOR_DEFINITIONS = (
					"DEBUG=1",
					"$(inherited)",
				);
				GCC_WARN_64_TO_32_BIT_CONVERSION = YES;
				GCC_WARN_ABOUT_RETURN_TYPE = YES_ERROR;
				GCC_WARN_UNDECLARED_SELECTOR = YES;
				GCC_WARN_UNINITIALIZED_AUTOS = YES_AGGRESSIVE;
				GCC_WARN_UNUSED_FUNCTION = YES;
				GCC_WARN_UNUSED_VARIABLE = YES;
				IPHONEOS_DEPLOYMENT_TARGET = 10.3;
				MTL_ENABLE_DEBUG_INFO = YES;
				ONLY_ACTIVE_ARCH = YES;
				SDKROOT = iphoneos;
				SWIFT_ACTIVE_COMPILATION_CONDITIONS = DEBUG;
				SWIFT_OPTIMIZATION_LEVEL = "-Onone";
				TARGETED_DEVICE_FAMILY = "1,2";
			};
			name = Debug;
		};
		F25017821ED1CB4100504CBC /* Release */ = {
			isa = XCBuildConfiguration;
			buildSettings = {
				ALWAYS_SEARCH_USER_PATHS = NO;
				CLANG_ANALYZER_NONNULL = YES;
				CLANG_ANALYZER_NUMBER_OBJECT_CONVERSION = YES_AGGRESSIVE;
				CLANG_CXX_LANGUAGE_STANDARD = "gnu++0x";
				CLANG_CXX_LIBRARY = "libc++";
				CLANG_ENABLE_MODULES = YES;
				CLANG_ENABLE_OBJC_ARC = YES;
				CLANG_WARN_BOOL_CONVERSION = YES;
				CLANG_WARN_CONSTANT_CONVERSION = YES;
				CLANG_WARN_DIRECT_OBJC_ISA_USAGE = YES_ERROR;
				CLANG_WARN_DOCUMENTATION_COMMENTS = YES;
				CLANG_WARN_EMPTY_BODY = YES;
				CLANG_WARN_ENUM_CONVERSION = YES;
				CLANG_WARN_INFINITE_RECURSION = YES;
				CLANG_WARN_INT_CONVERSION = YES;
				CLANG_WARN_OBJC_ROOT_CLASS = YES_ERROR;
				CLANG_WARN_SUSPICIOUS_MOVE = YES;
				CLANG_WARN_UNREACHABLE_CODE = YES;
				CLANG_WARN__DUPLICATE_METHOD_MATCH = YES;
				"CODE_SIGN_IDENTITY[sdk=iphoneos*]" = "iPhone Developer";
				COPY_PHASE_STRIP = NO;
				DEBUG_INFORMATION_FORMAT = "dwarf-with-dsym";
				ENABLE_NS_ASSERTIONS = NO;
				ENABLE_STRICT_OBJC_MSGSEND = YES;
				GCC_C_LANGUAGE_STANDARD = gnu99;
				GCC_NO_COMMON_BLOCKS = YES;
				GCC_WARN_64_TO_32_BIT_CONVERSION = YES;
				GCC_WARN_ABOUT_RETURN_TYPE = YES_ERROR;
				GCC_WARN_UNDECLARED_SELECTOR = YES;
				GCC_WARN_UNINITIALIZED_AUTOS = YES_AGGRESSIVE;
				GCC_WARN_UNUSED_FUNCTION = YES;
				GCC_WARN_UNUSED_VARIABLE = YES;
				IPHONEOS_DEPLOYMENT_TARGET = 10.3;
				MTL_ENABLE_DEBUG_INFO = NO;
				SDKROOT = iphoneos;
				SWIFT_OPTIMIZATION_LEVEL = "-Owholemodule";
				TARGETED_DEVICE_FAMILY = "1,2";
				VALIDATE_PRODUCT = YES;
			};
			name = Release;
		};
		F25017841ED1CB4100504CBC /* Debug */ = {
			isa = XCBuildConfiguration;
			baseConfigurationReference = AF32A27EA38494BD49893090 /* Pods-NewsFeed.debug.xcconfig */;
			buildSettings = {
				ASSETCATALOG_COMPILER_APPICON_NAME = AppIcon;
				DEVELOPMENT_TEAM = X9F8C2SM5J;
				INFOPLIST_FILE = NewsFeed/Info.plist;
				LD_RUNPATH_SEARCH_PATHS = "$(inherited) @executable_path/Frameworks";
				PRODUCT_BUNDLE_IDENTIFIER = mnf.drashy.newsfeed;
				PRODUCT_NAME = "$(TARGET_NAME)";
				SWIFT_VERSION = 3.0;
			};
			name = Debug;
		};
		F25017851ED1CB4100504CBC /* Release */ = {
			isa = XCBuildConfiguration;
			baseConfigurationReference = 5B71532887224B29F6F769FE /* Pods-NewsFeed.release.xcconfig */;
			buildSettings = {
				ASSETCATALOG_COMPILER_APPICON_NAME = AppIcon;
				DEVELOPMENT_TEAM = X9F8C2SM5J;
				INFOPLIST_FILE = NewsFeed/Info.plist;
				LD_RUNPATH_SEARCH_PATHS = "$(inherited) @executable_path/Frameworks";
				PRODUCT_BUNDLE_IDENTIFIER = mnf.drashy.newsfeed;
				PRODUCT_NAME = "$(TARGET_NAME)";
				SWIFT_VERSION = 3.0;
			};
			name = Release;
		};
		F25017871ED1CB4100504CBC /* Debug */ = {
			isa = XCBuildConfiguration;
			baseConfigurationReference = B5C3C8262944023D7E547E36 /* Pods-NewsFeedTests.debug.xcconfig */;
			buildSettings = {
				ALWAYS_EMBED_SWIFT_STANDARD_LIBRARIES = YES;
				BUNDLE_LOADER = "$(TEST_HOST)";
				DEVELOPMENT_TEAM = X9F8C2SM5J;
				INFOPLIST_FILE = NewsFeedTests/Info.plist;
				LD_RUNPATH_SEARCH_PATHS = "$(inherited) @executable_path/Frameworks @loader_path/Frameworks";
				PRODUCT_BUNDLE_IDENTIFIER = drashy.app.NewsFeedTests;
				PRODUCT_NAME = "$(TARGET_NAME)";
				SWIFT_VERSION = 3.0;
				TEST_HOST = "$(BUILT_PRODUCTS_DIR)/NewsFeed.app/NewsFeed";
			};
			name = Debug;
		};
		F25017881ED1CB4100504CBC /* Release */ = {
			isa = XCBuildConfiguration;
			baseConfigurationReference = 3763C519EBB8259BA8FAC075 /* Pods-NewsFeedTests.release.xcconfig */;
			buildSettings = {
				ALWAYS_EMBED_SWIFT_STANDARD_LIBRARIES = YES;
				BUNDLE_LOADER = "$(TEST_HOST)";
				DEVELOPMENT_TEAM = X9F8C2SM5J;
				INFOPLIST_FILE = NewsFeedTests/Info.plist;
				LD_RUNPATH_SEARCH_PATHS = "$(inherited) @executable_path/Frameworks @loader_path/Frameworks";
				PRODUCT_BUNDLE_IDENTIFIER = drashy.app.NewsFeedTests;
				PRODUCT_NAME = "$(TARGET_NAME)";
				SWIFT_VERSION = 3.0;
				TEST_HOST = "$(BUILT_PRODUCTS_DIR)/NewsFeed.app/NewsFeed";
			};
			name = Release;
		};
		F250178A1ED1CB4100504CBC /* Debug */ = {
			isa = XCBuildConfiguration;
			baseConfigurationReference = 12951BC74E9FCD88AFF3892A /* Pods-NewsFeedUITests.debug.xcconfig */;
			buildSettings = {
				ALWAYS_EMBED_SWIFT_STANDARD_LIBRARIES = YES;
				DEVELOPMENT_TEAM = X9F8C2SM5J;
				INFOPLIST_FILE = NewsFeedUITests/Info.plist;
				LD_RUNPATH_SEARCH_PATHS = "$(inherited) @executable_path/Frameworks @loader_path/Frameworks";
				PRODUCT_BUNDLE_IDENTIFIER = drashy.app.NewsFeedUITests;
				PRODUCT_NAME = "$(TARGET_NAME)";
				SWIFT_VERSION = 3.0;
				TEST_TARGET_NAME = NewsFeed;
			};
			name = Debug;
		};
		F250178B1ED1CB4100504CBC /* Release */ = {
			isa = XCBuildConfiguration;
			baseConfigurationReference = CE56AB110F0837723AD58920 /* Pods-NewsFeedUITests.release.xcconfig */;
			buildSettings = {
				ALWAYS_EMBED_SWIFT_STANDARD_LIBRARIES = YES;
				DEVELOPMENT_TEAM = X9F8C2SM5J;
				INFOPLIST_FILE = NewsFeedUITests/Info.plist;
				LD_RUNPATH_SEARCH_PATHS = "$(inherited) @executable_path/Frameworks @loader_path/Frameworks";
				PRODUCT_BUNDLE_IDENTIFIER = drashy.app.NewsFeedUITests;
				PRODUCT_NAME = "$(TARGET_NAME)";
				SWIFT_VERSION = 3.0;
				TEST_TARGET_NAME = NewsFeed;
			};
			name = Release;
		};
/* End XCBuildConfiguration section */

/* Begin XCConfigurationList section */
		F25017561ED1CB4100504CBC /* Build configuration list for PBXProject "NewsFeed" */ = {
			isa = XCConfigurationList;
			buildConfigurations = (
				F25017811ED1CB4100504CBC /* Debug */,
				F25017821ED1CB4100504CBC /* Release */,
			);
			defaultConfigurationIsVisible = 0;
			defaultConfigurationName = Release;
		};
		F25017831ED1CB4100504CBC /* Build configuration list for PBXNativeTarget "NewsFeed" */ = {
			isa = XCConfigurationList;
			buildConfigurations = (
				F25017841ED1CB4100504CBC /* Debug */,
				F25017851ED1CB4100504CBC /* Release */,
			);
			defaultConfigurationIsVisible = 0;
			defaultConfigurationName = Release;
		};
		F25017861ED1CB4100504CBC /* Build configuration list for PBXNativeTarget "NewsFeedTests" */ = {
			isa = XCConfigurationList;
			buildConfigurations = (
				F25017871ED1CB4100504CBC /* Debug */,
				F25017881ED1CB4100504CBC /* Release */,
			);
			defaultConfigurationIsVisible = 0;
			defaultConfigurationName = Release;
		};
		F25017891ED1CB4100504CBC /* Build configuration list for PBXNativeTarget "NewsFeedUITests" */ = {
			isa = XCConfigurationList;
			buildConfigurations = (
				F250178A1ED1CB4100504CBC /* Debug */,
				F250178B1ED1CB4100504CBC /* Release */,
			);
			defaultConfigurationIsVisible = 0;
			defaultConfigurationName = Release;
		};
/* End XCConfigurationList section */
	};
	rootObject = F25017531ED1CB4100504CBC /* Project object */;
}
